
Microsoft Visual Studio Solution File, Format Version 12.00
# Visual Studio 2012
Project("{E24C65DC-7377-472B-9ABA-BC803B73C61A}") = "New folder (2)", ".", "{C0802DF2-A162-44A0-99FA-E355B8E7486B}"
	ProjectSection(WebsiteProperties) = preProject
		TargetFrameworkMoniker = ".NETFramework,Version%3Dv4.5"
		Debug.AspNetCompiler.VirtualPath = "/New folder (2)"
		Debug.AspNetCompiler.PhysicalPath = "..\..\..\New folder (2)\"
		Debug.AspNetCompiler.TargetPath = "PrecompiledWeb\New folder (2)\"
		Debug.AspNetCompiler.Updateable = "true"
		Debug.AspNetCompiler.ForceOverwrite = "true"
		Debug.AspNetCompiler.FixedNames = "false"
		Debug.AspNetCompiler.Debug = "True"
		Release.AspNetCompiler.VirtualPath = "/New folder (2)"
		Release.AspNetCompiler.PhysicalPath = "..\..\..\New folder (2)\"
		Release.AspNetCompiler.TargetPath = "PrecompiledWeb\New folder (2)\"
		Release.AspNetCompiler.Updateable = "true"
		Release.AspNetCompiler.ForceOverwrite = "true"
		Release.AspNetCompiler.FixedNames = "false"
		Release.AspNetCompiler.Debug = "False"
		VWDPort = "55375"
	EndProjectSection
EndProject
Global
	GlobalSection(SolutionConfigurationPlatforms) = preSolution
		Debug|Any CPU = Debug|Any CPU
	EndGlobalSection
	GlobalSection(ProjectConfigurationPlatforms) = postSolution
		{C0802DF2-A162-44A0-99FA-E355B8E7486B}.Debug|Any CPU.ActiveCfg = Debug|Any CPU
		{C0802DF2-A162-44A0-99FA-E355B8E7486B}.Debug|Any CPU.Build.0 = Debug|Any CPU
	EndGlobalSection
	GlobalSection(SolutionProperties) = preSolution
		HideSolutionNode = FALSE
	EndGlobalSection
EndGlobal
